
Microsoft Visual Studio Solution File, Format Version 12.00
# Visual Studio 2013
VisualStudioVersion = 12.0.21005.1
MinimumVisualStudioVersion = 10.0.40219.1
Project("{FAE04EC0-301F-11D3-BF4B-00C04F79EFBC}") = "CMT", "CMT\CMT.csproj", "{DE0C3EA9-89B5-42E7-A744-A109801C2418}"
EndProject
Project("{FAE04EC0-301F-11D3-BF4B-00C04F79EFBC}") = "ClockConfigurator", "ClockConfigurator\ClockConfigurator.csproj", "{D0C3AD09-6699-42C4-81F6-CB452C0E7EEF}"
EndProject
Project("{FAE04EC0-301F-11D3-BF4B-00C04F79EFBC}") = "T-SwitchConfigurator", "T-SwitchConfigurator\T-SwitchConfigurator.csproj", "{D155EF44-5DCE-4C76-95BC-EACCF3CAC264}"
EndProject
Global
	GlobalSection(SolutionConfigurationPlatforms) = preSolution
		Debug|Any CPU = Debug|Any CPU
		Debug|Mixed Platforms = Debug|Mixed Platforms
		Debug|x86 = Debug|x86
		Release|Any CPU = Release|Any CPU
		Release|Mixed Platforms = Release|Mixed Platforms
		Release|x86 = Release|x86
	EndGlobalSection
	GlobalSection(ProjectConfigurationPlatforms) = postSolution
		{DE0C3EA9-89B5-42E7-A744-A109801C2418}.Debug|Any CPU.ActiveCfg = Debug|Any CPU
		{DE0C3EA9-89B5-42E7-A744-A109801C2418}.Debug|Any CPU.Build.0 = Debug|Any CPU
		{DE0C3EA9-89B5-42E7-A744-A109801C2418}.Debug|Mixed Platforms.ActiveCfg = Debug|x86
		{DE0C3EA9-89B5-42E7-A744-A109801C2418}.Debug|Mixed Platforms.Build.0 = Debug|x86
		{DE0C3EA9-89B5-42E7-A744-A109801C2418}.Debug|x86.ActiveCfg = Debug|x86
		{DE0C3EA9-89B5-42E7-A744-A109801C2418}.Debug|x86.Build.0 = Debug|x86
		{DE0C3EA9-89B5-42E7-A744-A109801C2418}.Release|Any CPU.ActiveCfg = Release|Any CPU
		{DE0C3EA9-89B5-42E7-A744-A109801C2418}.Release|Any CPU.Build.0 = Release|Any CPU
		{DE0C3EA9-89B5-42E7-A744-A109801C2418}.Release|Mixed Platforms.ActiveCfg = Release|x86
		{DE0C3EA9-89B5-42E7-A744-A109801C2418}.Release|Mixed Platforms.Build.0 = Release|x86
		{DE0C3EA9-89B5-42E7-A744-A109801C2418}.Release|x86.ActiveCfg = Release|x86
		{DE0C3EA9-89B5-42E7-A744-A109801C2418}.Release|x86.Build.0 = Release|x86
		{D0C3AD09-6699-42C4-81F6-CB452C0E7EEF}.Debug|Any CPU.ActiveCfg = Debug|Any CPU
		{D0C3AD09-6699-42C4-81F6-CB452C0E7EEF}.Debug|Any CPU.Build.0 = Debug|Any CPU
		{D0C3AD09-6699-42C4-81F6-CB452C0E7EEF}.Debug|Mixed Platforms.ActiveCfg = Debug|Any CPU
		{D0C3AD09-6699-42C4-81F6-CB452C0E7EEF}.Debug|Mixed Platforms.Build.0 = Debug|Any CPU
		{D0C3AD09-6699-42C4-81F6-CB452C0E7EEF}.Debug|x86.ActiveCfg = Debug|x86
		{D0C3AD09-6699-42C4-81F6-CB452C0E7EEF}.Debug|x86.Build.0 = Debug|x86
		{D0C3AD09-6699-42C4-81F6-CB452C0E7EEF}.Release|Any CPU.ActiveCfg = Release|Any CPU
		{D0C3AD09-6699-42C4-81F6-CB452C0E7EEF}.Release|Any CPU.Build.0 = Release|Any CPU
		{D0C3AD09-6699-42C4-81F6-CB452C0E7EEF}.Release|Mixed Platforms.ActiveCfg = Release|Any CPU
		{D0C3AD09-6699-42C4-81F6-CB452C0E7EEF}.Release|Mixed Platforms.Build.0 = Release|Any CPU
		{D0C3AD09-6699-42C4-81F6-CB452C0E7EEF}.Release|x86.ActiveCfg = Release|x86
		{D0C3AD09-6699-42C4-81F6-CB452C0E7EEF}.Release|x86.Build.0 = Release|x86
		{D155EF44-5DCE-4C76-95BC-EACCF3CAC264}.Debug|Any CPU.ActiveCfg = Debug|Any CPU
		{D155EF44-5DCE-4C76-95BC-EACCF3CAC264}.Debug|Any CPU.Build.0 = Debug|Any CPU
		{D155EF44-5DCE-4C76-95BC-EACCF3CAC264}.Debug|Mixed Platforms.ActiveCfg = Debug|Any CPU
		{D155EF44-5DCE-4C76-95BC-EACCF3CAC264}.Debug|Mixed Platforms.Build.0 = Debug|Any CPU
		{D155EF44-5DCE-4C76-95BC-EACCF3CAC264}.Debug|x86.ActiveCfg = Debug|x86
		{D155EF44-5DCE-4C76-95BC-EACCF3CAC264}.Debug|x86.Build.0 = Debug|x86
		{D155EF44-5DCE-4C76-95BC-EACCF3CAC264}.Release|Any CPU.ActiveCfg = Release|Any CPU
		{D155EF44-5DCE-4C76-95BC-EACCF3CAC264}.Release|Any CPU.Build.0 = Release|Any CPU
		{D155EF44-5DCE-4C76-95BC-EACCF3CAC264}.Release|Mixed Platforms.ActiveCfg = Release|Any CPU
		{D155EF44-5DCE-4C76-95BC-EACCF3CAC264}.Release|Mixed Platforms.Build.0 = Release|Any CPU
		{D155EF44-5DCE-4C76-95BC-EACCF3CAC264}.Release|x86.ActiveCfg = Release|x86
		{D155EF44-5DCE-4C76-95BC-EACCF3CAC264}.Release|x86.Build.0 = Release|x86
	EndGlobalSection
	GlobalSection(SolutionProperties) = preSolution
		HideSolutionNode = FALSE
	EndGlobalSection
EndGlobal
